
Microsoft Visual Studio Solution File, Format Version 12.00
Project("{FAE04EC0-301F-11D3-BF4B-00C04F79EFBC}") = "Skyra.UnitTests", "Skyra.UnitTests\Skyra.UnitTests.csproj", "{0AE01293-2D6A-49B3-8E6F-7A2627565631}"
EndProject
Project("{FAE04EC0-301F-11D3-BF4B-00C04F79EFBC}") = "Skyra.Database", "Skyra.Database\Skyra.Database.csproj", "{12F4030C-3612-4CF7-B194-FF6A5DC282C8}"
EndProject
Project("{FAE04EC0-301F-11D3-BF4B-00C04F79EFBC}") = "Skyra.Grpc", "Skyra.Grpc\Skyra.Grpc.csproj", "{1D4FC3B3-B54A-4932-9856-6A0B75657310}"
EndProject
Project("{FAE04EC0-301F-11D3-BF4B-00C04F79EFBC}") = "Skyra.IntegrationTests", "Skyra.IntegrationTests\Skyra.IntegrationTests.csproj", "{54FC829B-2BD8-44FF-A17F-6A4E1FF4A1B3}"
EndProject
Project("{FAE04EC0-301F-11D3-BF4B-00C04F79EFBC}") = "Skyra.Shared", "Skyra.Shared\Skyra.Shared.csproj", "{E70199DC-0EDF-4F24-8B48-3A3392E339AD}"
EndProject
Global
	GlobalSection(SolutionConfigurationPlatforms) = preSolution
		Debug|Any CPU = Debug|Any CPU
		Release|Any CPU = Release|Any CPU
	EndGlobalSection
	GlobalSection(ProjectConfigurationPlatforms) = postSolution
		{0AE01293-2D6A-49B3-8E6F-7A2627565631}.Debug|Any CPU.ActiveCfg = Debug|Any CPU
		{0AE01293-2D6A-49B3-8E6F-7A2627565631}.Debug|Any CPU.Build.0 = Debug|Any CPU
		{0AE01293-2D6A-49B3-8E6F-7A2627565631}.Release|Any CPU.ActiveCfg = Release|Any CPU
		{0AE01293-2D6A-49B3-8E6F-7A2627565631}.Release|Any CPU.Build.0 = Release|Any CPU
		{12F4030C-3612-4CF7-B194-FF6A5DC282C8}.Debug|Any CPU.ActiveCfg = Debug|Any CPU
		{12F4030C-3612-4CF7-B194-FF6A5DC282C8}.Debug|Any CPU.Build.0 = Debug|Any CPU
		{12F4030C-3612-4CF7-B194-FF6A5DC282C8}.Release|Any CPU.ActiveCfg = Release|Any CPU
		{12F4030C-3612-4CF7-B194-FF6A5DC282C8}.Release|Any CPU.Build.0 = Release|Any CPU
		{1D4FC3B3-B54A-4932-9856-6A0B75657310}.Debug|Any CPU.ActiveCfg = Debug|Any CPU
		{1D4FC3B3-B54A-4932-9856-6A0B75657310}.Debug|Any CPU.Build.0 = Debug|Any CPU
		{1D4FC3B3-B54A-4932-9856-6A0B75657310}.Release|Any CPU.ActiveCfg = Release|Any CPU
		{1D4FC3B3-B54A-4932-9856-6A0B75657310}.Release|Any CPU.Build.0 = Release|Any CPU
		{54FC829B-2BD8-44FF-A17F-6A4E1FF4A1B3}.Debug|Any CPU.ActiveCfg = Debug|Any CPU
		{54FC829B-2BD8-44FF-A17F-6A4E1FF4A1B3}.Debug|Any CPU.Build.0 = Debug|Any CPU
		{54FC829B-2BD8-44FF-A17F-6A4E1FF4A1B3}.Release|Any CPU.ActiveCfg = Release|Any CPU
		{54FC829B-2BD8-44FF-A17F-6A4E1FF4A1B3}.Release|Any CPU.Build.0 = Release|Any CPU
		{E70199DC-0EDF-4F24-8B48-3A3392E339AD}.Debug|Any CPU.ActiveCfg = Debug|Any CPU
		{E70199DC-0EDF-4F24-8B48-3A3392E339AD}.Debug|Any CPU.Build.0 = Debug|Any CPU
		{E70199DC-0EDF-4F24-8B48-3A3392E339AD}.Release|Any CPU.ActiveCfg = Release|Any CPU
		{E70199DC-0EDF-4F24-8B48-3A3392E339AD}.Release|Any CPU.Build.0 = Release|Any CPU
	EndGlobalSection
EndGlobal
