{
  "version": 1,
  "dependencies": {
    ".NETCoreApp,Version=v5.0": {
      "Grpc.AspNetCore": {
        "type": "Direct",
        "requested": "[2.34.0, )",
        "resolved": "2.34.0",
        "contentHash": "0KED45KfO2/pFgEpoEwmnYL4IrN+tHmYVav11A9iVHaM8d73ic2pchkUJjM9W4AYAGpXHlkfMYzkqwPWpP363w==",
        "dependencies": {
          "Google.Protobuf": "3.14.0",
          "Grpc.AspNetCore.Server.ClientFactory": "2.34.0",
          "Grpc.Tools": "2.34.0"
        }
      },
      "EFCore.NamingConventions": {
        "type": "Transitive",
        "resolved": "5.0.2",
        "contentHash": "5MQ2lU2cplHcjQzIeRY4NSVn7ix6pzzjEboCaRsBjavUb3HZNI96a3u1dApE/LKkPLyNJUR6s2HquX2N1qsh0Q==",
        "dependencies": {
          "Microsoft.EntityFrameworkCore": "5.0.2",
          "Microsoft.EntityFrameworkCore.Relational": "5.0.2",
          "Microsoft.Extensions.DependencyInjection.Abstractions": "5.0.0"
        }
      },
      "Google.Protobuf": {
        "type": "Transitive",
        "resolved": "3.14.0",
        "contentHash": "9AkodyGNmLI+wJJPbwpWLmh4BMHoXDQ9+8qvDPhQQi/BNsleqKMBn3OlyLwC6CALwan2kc5+Cenb8fJSITX3nQ==",
        "dependencies": {
          "System.Memory": "4.5.3",
          "System.Runtime.CompilerServices.Unsafe": "4.5.2"
        }
      },
      "Grpc.AspNetCore.Server": {
        "type": "Transitive",
        "resolved": "2.34.0",
        "contentHash": "V937xHNfIQM6X2dx8ManMK+xfkjmxwVfL/kWa+kZiLnf4E0VYd/A2ocrKDnn7EQk7SV2tkCD1+fUsG3qRsKNmQ==",
        "dependencies": {
          "Grpc.Net.Common": "2.34.0"
        }
      },
      "Grpc.AspNetCore.Server.ClientFactory": {
        "type": "Transitive",
        "resolved": "2.34.0",
        "contentHash": "4NsZNtnKXt+u2KSczhU7eI+QX/XEDPnMxUtqpeMPNuI38ZEwB9HEG5W2KZQzT6vVLa8VR2GBuY0DDwWyP5hWlg==",
        "dependencies": {
          "Grpc.AspNetCore.Server": "2.34.0",
          "Grpc.Net.ClientFactory": "2.34.0"
        }
      },
      "Grpc.Core.Api": {
        "type": "Transitive",
        "resolved": "2.34.0",
        "contentHash": "TfxhML3GDy9Lo7Qk5Nax1ySGXNwxZQ3znVeV2n5SRHZC6EVoRSRy0foPAKrSgmyvrGlCdfsH4E2EmaLvCkNI2w==",
        "dependencies": {
          "System.Memory": "4.5.3"
        }
      },
      "Grpc.Net.Client": {
        "type": "Transitive",
        "resolved": "2.34.0",
        "contentHash": "UJkhLPa80jR0G6VsZmmSbKQBsvmxKPY+N2UvN/cEWZXezboRoSyk8h4Yb3t/BEHsRkjNhMqw4UPpr2INUK1HlA==",
        "dependencies": {
          "Grpc.Net.Common": "2.34.0",
          "Microsoft.Extensions.Logging.Abstractions": "3.0.3",
          "System.Diagnostics.DiagnosticSource": "4.5.1"
        }
      },
      "Grpc.Net.ClientFactory": {
        "type": "Transitive",
        "resolved": "2.34.0",
        "contentHash": "RYMFSfucrjkrlikt0cDwh7qsxvxTIuVLHKrooqy7xoXkc0fqsXNzBHCYUqbvxiqUe0vl0mugsUGb9yZDEWQNIg==",
        "dependencies": {
          "Grpc.Net.Client": "2.34.0",
          "Microsoft.Extensions.Http": "3.0.3"
        }
      },
      "Grpc.Net.Common": {
        "type": "Transitive",
        "resolved": "2.34.0",
        "contentHash": "dxVKzogjSejTV0hGeL61fmw6BSzF5uW4PBDWnx8LJFn41drgIPIXOoCJVqSAZ39lkGjTZlxtcwV5Vy6zqTf5Gw==",
        "dependencies": {
          "Grpc.Core.Api": "2.34.0"
        }
      },
      "Grpc.Tools": {
        "type": "Transitive",
        "resolved": "2.34.0",
        "contentHash": "klDiY8Xv/VYxK4sLzqGRm3NOXf0IpCsM456g4175qWl/omg8h117Eqiq3ZtywtBAhyDLiLiJAhy9rb/tq9yvXQ=="
      },
      "Microsoft.EntityFrameworkCore": {
        "type": "Transitive",
        "resolved": "5.0.2",
        "contentHash": "N2OZJWngaR5ydwdp2YH18ag3LN9DK0iCBPJyJ1DNSlI1rSZqmYmtOdPHoM6Wwwvbkw1WVhVQ/1w/8zr4h74EPg==",
        "dependencies": {
          "Microsoft.EntityFrameworkCore.Abstractions": "5.0.2",
          "Microsoft.EntityFrameworkCore.Analyzers": "5.0.2",
          "Microsoft.Extensions.Caching.Memory": "5.0.0",
          "Microsoft.Extensions.DependencyInjection": "5.0.1",
          "Microsoft.Extensions.Logging": "5.0.0",
          "System.Collections.Immutable": "5.0.0",
          "System.ComponentModel.Annotations": "5.0.0",
          "System.Diagnostics.DiagnosticSource": "5.0.1"
        }
      },
      "Microsoft.EntityFrameworkCore.Abstractions": {
        "type": "Transitive",
        "resolved": "5.0.2",
        "contentHash": "69nxyTJwzua85QQB7TWrxCyzHvDwjYWzGLKIQVoLGLd5zG4ApJYMyMGllHGf8pmYiQ6FS7MBZuAwONSv62nkhQ=="
      },
      "Microsoft.EntityFrameworkCore.Analyzers": {
        "type": "Transitive",
        "resolved": "5.0.2",
        "contentHash": "kh5B6Hs2dQ7kBuUXXGAfJAZovJDEXMlO3r/xBnkaRqItlvY+TLUvAY+MXTOfX96lx4SxsrecZ2vnHs4D26nedA=="
      },
      "Microsoft.EntityFrameworkCore.Relational": {
        "type": "Transitive",
        "resolved": "5.0.2",
        "contentHash": "1bisryvgZWcc+jkgksUH7cBkqOSXqyaC7HCAte0Yy+RHzt903KERsTJ447K+HNkW3bVt5GV/VAEcSN2ywqU9wg==",
        "dependencies": {
          "Microsoft.EntityFrameworkCore": "5.0.2",
          "Microsoft.Extensions.Configuration.Abstractions": "5.0.0"
        }
      },
      "Microsoft.Extensions.Caching.Abstractions": {
        "type": "Transitive",
        "resolved": "5.0.0",
        "contentHash": "bu8As90/SBAouMZ6fJ+qRNo1X+KgHGrVueFhhYi+E5WqEhcnp2HoWRFnMzXQ6g4RdZbvPowFerSbKNH4Dtg5yg==",
        "dependencies": {
          "Microsoft.Extensions.Primitives": "5.0.0"
        }
      },
      "Microsoft.Extensions.Caching.Memory": {
        "type": "Transitive",
        "resolved": "5.0.0",
        "contentHash": "/1qPCleFOkJe0O+xmFqCNLFYQZTJz965sVw8CUB/BQgsApBwzAUsL2BUkDvQW+geRUVTXUS9zLa0pBjC2VJ1gA==",
        "dependencies": {
          "Microsoft.Extensions.Caching.Abstractions": "5.0.0",
          "Microsoft.Extensions.DependencyInjection.Abstractions": "5.0.0",
          "Microsoft.Extensions.Logging.Abstractions": "5.0.0",
          "Microsoft.Extensions.Options": "5.0.0",
          "Microsoft.Extensions.Primitives": "5.0.0"
        }
      },
      "Microsoft.Extensions.Configuration.Abstractions": {
        "type": "Transitive",
        "resolved": "5.0.0",
        "contentHash": "ETjSBHMp3OAZ4HxGQYpwyGsD8Sw5FegQXphi0rpoGMT74S4+I2mm7XJEswwn59XAaKOzC15oDSOWEE8SzDCd6Q==",
        "dependencies": {
          "Microsoft.Extensions.Primitives": "5.0.0"
        }
      },
      "Microsoft.Extensions.DependencyInjection": {
        "type": "Transitive",
        "resolved": "5.0.1",
        "contentHash": "//mDNrYeiJ0eh/awFhDFJQzkRVra/njU5Y4fyK7X29g5HScrzbUkKOKlyTtygthcGFt4zNC8G5CFCjb/oizomA==",
        "dependencies": {
          "Microsoft.Extensions.DependencyInjection.Abstractions": "5.0.0"
        }
      },
      "Microsoft.Extensions.DependencyInjection.Abstractions": {
        "type": "Transitive",
        "resolved": "5.0.0",
        "contentHash": "ORj7Zh81gC69TyvmcUm9tSzytcy8AVousi+IVRAI8nLieQjOFryRusSFh7+aLk16FN9pQNqJAiMd7BTKINK0kA=="
      },
      "Microsoft.Extensions.Http": {
        "type": "Transitive",
        "resolved": "3.0.3",
        "contentHash": "dcyB8szIcSynjVZRuFgqkZpPgTc5zeRSj1HMXSmNqWbHYKiPYJl8ZQgBHz6wmZNSUUNGpCs5uxUg8DZHHDC1Ew==",
        "dependencies": {
          "Microsoft.Extensions.DependencyInjection.Abstractions": "3.0.3",
          "Microsoft.Extensions.Logging": "3.0.3",
          "Microsoft.Extensions.Options": "3.0.3"
        }
      },
      "Microsoft.Extensions.Logging": {
        "type": "Transitive",
        "resolved": "5.0.0",
        "contentHash": "MgOwK6tPzB6YNH21wssJcw/2MKwee8b2gI7SllYfn6rvTpIrVvVS5HAjSU2vqSku1fwqRvWP0MdIi14qjd93Aw==",
        "dependencies": {
          "Microsoft.Extensions.DependencyInjection": "5.0.0",
          "Microsoft.Extensions.DependencyInjection.Abstractions": "5.0.0",
          "Microsoft.Extensions.Logging.Abstractions": "5.0.0",
          "Microsoft.Extensions.Options": "5.0.0"
        }
      },
      "Microsoft.Extensions.Logging.Abstractions": {
        "type": "Transitive",
        "resolved": "5.0.0",
        "contentHash": "NxP6ahFcBnnSfwNBi2KH2Oz8Xl5Sm2krjId/jRR3I7teFphwiUoUeZPwTNA21EX+5PtjqmyAvKaOeBXcJjcH/w=="
      },
      "Microsoft.Extensions.Options": {
        "type": "Transitive",
        "resolved": "5.0.0",
        "contentHash": "CBvR92TCJ5uBIdd9/HzDSrxYak+0W/3+yxrNg8Qm6Bmrkh5L+nu6m3WeazQehcZ5q1/6dDA7J5YdQjim0165zg==",
        "dependencies": {
          "Microsoft.Extensions.DependencyInjection.Abstractions": "5.0.0",
          "Microsoft.Extensions.Primitives": "5.0.0"
        }
      },
      "Microsoft.Extensions.Primitives": {
        "type": "Transitive",
        "resolved": "5.0.0",
        "contentHash": "cI/VWn9G1fghXrNDagX9nYaaB/nokkZn0HYAawGaELQrl8InSezfe9OnfPZLcJq3esXxygh3hkq2c3qoV3SDyQ=="
      },
      "Npgsql": {
        "type": "Transitive",
        "resolved": "5.0.2",
        "contentHash": "bqsG+0t6+c7nfpunu08HkjeRZCI2g8EbXNtWUHsnFlDzjx0zsLkvzfByiHuYo9a74CMKR9RmxRu7HiPGCE/EvQ==",
        "dependencies": {
          "System.Runtime.CompilerServices.Unsafe": "4.6.0"
        }
      },
      "Npgsql.EntityFrameworkCore.PostgreSQL": {
        "type": "Transitive",
        "resolved": "5.0.2",
        "contentHash": "xdhI0Y1uMxEUbH00T9kLk5m4JN8b4bAHv8fX+nU3GzdEsIgI0k0tKM4ZJ/RjkvGE1L5h4Y+oBZNNqzgetOTBtg==",
        "dependencies": {
          "Microsoft.EntityFrameworkCore": "5.0.2",
          "Microsoft.EntityFrameworkCore.Abstractions": "5.0.2",
          "Microsoft.EntityFrameworkCore.Relational": "5.0.2",
          "Npgsql": "5.0.2"
        }
      },
      "System.Collections.Immutable": {
        "type": "Transitive",
        "resolved": "5.0.0",
        "contentHash": "FXkLXiK0sVVewcso0imKQoOxjoPAj42R8HtjjbSjVPAzwDfzoyoznWxgA3c38LDbN9SJux1xXoXYAhz98j7r2g=="
      },
      "System.ComponentModel.Annotations": {
        "type": "Transitive",
        "resolved": "5.0.0",
        "contentHash": "dMkqfy2el8A8/I76n2Hi1oBFEbG1SfxD2l5nhwXV3XjlnOmwxJlQbYpJH4W51odnU9sARCSAgv7S3CyAFMkpYg=="
      },
      "System.Diagnostics.DiagnosticSource": {
        "type": "Transitive",
        "resolved": "5.0.1",
        "contentHash": "uXQEYqav2V3zP6OwkOKtLv+qIi6z3m1hsGyKwXX7ZA7htT4shoVccGxnJ9kVRFPNAsi1ArZTq2oh7WOto6GbkQ=="
      },
      "System.Memory": {
        "type": "Transitive",
        "resolved": "4.5.3",
        "contentHash": "3oDzvc/zzetpTKWMShs1AADwZjQ/36HnsufHRPcOjyRAAMLDlu2iD33MBI2opxnezcVUtXyqDXXjoFMOU9c7SA=="
      },
      "System.Runtime.CompilerServices.Unsafe": {
        "type": "Transitive",
        "resolved": "4.6.0",
        "contentHash": "HxozeSlipUK7dAroTYwIcGwKDeOVpQnJlpVaOkBz7CM4TsE5b/tKlQBZecTjh6FzcSbxndYaxxpsBMz+wMJeyw=="
      },
      "skyra.database": {
        "type": "Project",
        "dependencies": {
          "EFCore.NamingConventions": "5.0.2",
          "Microsoft.EntityFrameworkCore": "5.0.2",
          "Npgsql.EntityFrameworkCore.PostgreSQL": "5.0.2"
        }
      }
    }
  }
}