{
  "version": 1,
  "dependencies": {
    ".NETCoreApp,Version=v5.0": {
      "Grpc.AspNetCore": {
        "type": "Direct",
        "requested": "[2.35.0, )",
        "resolved": "2.35.0",
        "contentHash": "D2cwAX9KXukf99DmUaggmMg7ctGEWHuI/zNwnnAmMWD9STcNI2UVs243mAHJkxo3ZGjfaIwMu3FxYYpACZq3rA==",
        "dependencies": {
          "Google.Protobuf": "3.14.0",
          "Grpc.AspNetCore.Server.ClientFactory": "2.35.0",
          "Grpc.Tools": "2.35.0"
        }
      },
      "EFCore.NamingConventions": {
        "type": "Transitive",
        "resolved": "5.0.2",
        "contentHash": "5MQ2lU2cplHcjQzIeRY4NSVn7ix6pzzjEboCaRsBjavUb3HZNI96a3u1dApE/LKkPLyNJUR6s2HquX2N1qsh0Q==",
        "dependencies": {
          "Microsoft.EntityFrameworkCore": "5.0.2",
          "Microsoft.EntityFrameworkCore.Relational": "5.0.2",
          "Microsoft.Extensions.DependencyInjection.Abstractions": "5.0.0"
        }
      },
      "Google.Protobuf": {
        "type": "Transitive",
        "resolved": "3.14.0",
        "contentHash": "9AkodyGNmLI+wJJPbwpWLmh4BMHoXDQ9+8qvDPhQQi/BNsleqKMBn3OlyLwC6CALwan2kc5+Cenb8fJSITX3nQ==",
        "dependencies": {
          "System.Memory": "4.5.3",
          "System.Runtime.CompilerServices.Unsafe": "4.5.2"
        }
      },
      "Grpc.AspNetCore.Server": {
        "type": "Transitive",
        "resolved": "2.35.0",
        "contentHash": "YAVqnIw8nc2qK01LFVz578FW0Fy6crOabb8knmCMqnxX8udliMRKjZdruZlDI3aRMgZq4nzV4BDF/z3/wtctNQ==",
        "dependencies": {
          "Grpc.Net.Common": "2.35.0"
        }
      },
      "Grpc.AspNetCore.Server.ClientFactory": {
        "type": "Transitive",
        "resolved": "2.35.0",
        "contentHash": "h5FYkqwvB5YPjeEYa1YLil5OtO9APeyolrTUkrwrafBAN5pEZJb/jXe1SHagymbKt6R9XdDjqpYPjLiUtJ4N3g==",
        "dependencies": {
          "Grpc.AspNetCore.Server": "2.35.0",
          "Grpc.Net.ClientFactory": "2.35.0"
        }
      },
      "Grpc.Core.Api": {
        "type": "Transitive",
        "resolved": "2.35.0",
        "contentHash": "3ZpDzd5iMRBUv22hcvBqhL1yFFNfa9AccG8koco0ezbO/NMt3E0GsTf1BeIZ2G6ceFZR3fEMawpiJAlXhDEpQA==",
        "dependencies": {
          "System.Memory": "4.5.3"
        }
      },
      "Grpc.Net.Client": {
        "type": "Transitive",
        "resolved": "2.35.0",
        "contentHash": "/MOsv7Q963F/jgjSId03DLBExMA+0n2/k5N9TIW8xmaHdnRRE6UJWw4nbZhpoNrroqVoxVY1k2xUYNsLw8zaGQ==",
        "dependencies": {
          "Grpc.Net.Common": "2.35.0",
          "Microsoft.Extensions.Logging.Abstractions": "3.0.3",
          "System.Diagnostics.DiagnosticSource": "4.5.1"
        }
      },
      "Grpc.Net.ClientFactory": {
        "type": "Transitive",
        "resolved": "2.35.0",
        "contentHash": "gukEptk/JDNTe8BRDYYeb4u6iQupECx1Sr4VQVxy7lvH2Y4xX9fLvbr0Z2KaSY0IiKcaqjqHnB7ssLjTseUvfw==",
        "dependencies": {
          "Grpc.Net.Client": "2.35.0",
          "Microsoft.Extensions.Http": "3.0.3"
        }
      },
      "Grpc.Net.Common": {
        "type": "Transitive",
        "resolved": "2.35.0",
        "contentHash": "Xs5Uuvx+oV8qLbiy3dRWmLwbsRsedsHe/b3E2SPgggksfk2fTXpq65a78YiLuDWf4ZgahjaAnwHhYekV/Dptyw==",
        "dependencies": {
          "Grpc.Core.Api": "2.35.0"
        }
      },
      "Grpc.Tools": {
        "type": "Transitive",
        "resolved": "2.35.0",
        "contentHash": "mVXSeJaBHfvGz74HxXwPys4BlRQlmKy4JQFMj5IewrkSLJwyw/Pnp76C/y9SomlkG8nxJDf3oNXgamM8Ua1f4g=="
      },
      "Microsoft.EntityFrameworkCore": {
        "type": "Transitive",
        "resolved": "5.0.4",
        "contentHash": "upRpXluUeONMYO+O3RU8G+ZZcrnDrnNVWg4eJmSfertTdw7Hc5tgIeg/O8+oBKqf+OvBrQKW0U3PI9yoTsuPYg==",
        "dependencies": {
          "Microsoft.EntityFrameworkCore.Abstractions": "5.0.4",
          "Microsoft.EntityFrameworkCore.Analyzers": "5.0.4",
          "Microsoft.Extensions.Caching.Memory": "5.0.0",
          "Microsoft.Extensions.DependencyInjection": "5.0.1",
          "Microsoft.Extensions.Logging": "5.0.0",
          "System.Collections.Immutable": "5.0.0",
          "System.ComponentModel.Annotations": "5.0.0",
          "System.Diagnostics.DiagnosticSource": "5.0.1"
        }
      },
      "Microsoft.EntityFrameworkCore.Abstractions": {
        "type": "Transitive",
        "resolved": "5.0.4",
        "contentHash": "4y+y28SHjniLIqj7M7YNRO8khBnCBtkM6TJG8oX0wyEZuLum+3e9vqqna1naaV6Hi4BhXBHcD/sjhIfW1u0ZfQ=="
      },
      "Microsoft.EntityFrameworkCore.Analyzers": {
        "type": "Transitive",
        "resolved": "5.0.4",
        "contentHash": "z8OMwlXcUZJCArcDdhR0NRkmS0UyNg08l1LXPZCgYqjBeW8RvNXshH3H5ru/7IOVpyOfKrG5Q3nsgdD18OFG/g=="
      },
      "Microsoft.EntityFrameworkCore.Relational": {
        "type": "Transitive",
        "resolved": "5.0.2",
        "contentHash": "1bisryvgZWcc+jkgksUH7cBkqOSXqyaC7HCAte0Yy+RHzt903KERsTJ447K+HNkW3bVt5GV/VAEcSN2ywqU9wg==",
        "dependencies": {
          "Microsoft.EntityFrameworkCore": "5.0.2",
          "Microsoft.Extensions.Configuration.Abstractions": "5.0.0"
        }
      },
      "Microsoft.Extensions.Caching.Abstractions": {
        "type": "Transitive",
        "resolved": "5.0.0",
        "contentHash": "bu8As90/SBAouMZ6fJ+qRNo1X+KgHGrVueFhhYi+E5WqEhcnp2HoWRFnMzXQ6g4RdZbvPowFerSbKNH4Dtg5yg==",
        "dependencies": {
          "Microsoft.Extensions.Primitives": "5.0.0"
        }
      },
      "Microsoft.Extensions.Caching.Memory": {
        "type": "Transitive",
        "resolved": "5.0.0",
        "contentHash": "/1qPCleFOkJe0O+xmFqCNLFYQZTJz965sVw8CUB/BQgsApBwzAUsL2BUkDvQW+geRUVTXUS9zLa0pBjC2VJ1gA==",
        "dependencies": {
          "Microsoft.Extensions.Caching.Abstractions": "5.0.0",
          "Microsoft.Extensions.DependencyInjection.Abstractions": "5.0.0",
          "Microsoft.Extensions.Logging.Abstractions": "5.0.0",
          "Microsoft.Extensions.Options": "5.0.0",
          "Microsoft.Extensions.Primitives": "5.0.0"
        }
      },
      "Microsoft.Extensions.Configuration.Abstractions": {
        "type": "Transitive",
        "resolved": "5.0.0",
        "contentHash": "ETjSBHMp3OAZ4HxGQYpwyGsD8Sw5FegQXphi0rpoGMT74S4+I2mm7XJEswwn59XAaKOzC15oDSOWEE8SzDCd6Q==",
        "dependencies": {
          "Microsoft.Extensions.Primitives": "5.0.0"
        }
      },
      "Microsoft.Extensions.DependencyInjection": {
        "type": "Transitive",
        "resolved": "5.0.1",
        "contentHash": "//mDNrYeiJ0eh/awFhDFJQzkRVra/njU5Y4fyK7X29g5HScrzbUkKOKlyTtygthcGFt4zNC8G5CFCjb/oizomA==",
        "dependencies": {
          "Microsoft.Extensions.DependencyInjection.Abstractions": "5.0.0"
        }
      },
      "Microsoft.Extensions.DependencyInjection.Abstractions": {
        "type": "Transitive",
        "resolved": "5.0.0",
        "contentHash": "ORj7Zh81gC69TyvmcUm9tSzytcy8AVousi+IVRAI8nLieQjOFryRusSFh7+aLk16FN9pQNqJAiMd7BTKINK0kA=="
      },
      "Microsoft.Extensions.Http": {
        "type": "Transitive",
        "resolved": "3.0.3",
        "contentHash": "dcyB8szIcSynjVZRuFgqkZpPgTc5zeRSj1HMXSmNqWbHYKiPYJl8ZQgBHz6wmZNSUUNGpCs5uxUg8DZHHDC1Ew==",
        "dependencies": {
          "Microsoft.Extensions.DependencyInjection.Abstractions": "3.0.3",
          "Microsoft.Extensions.Logging": "3.0.3",
          "Microsoft.Extensions.Options": "3.0.3"
        }
      },
      "Microsoft.Extensions.Logging": {
        "type": "Transitive",
        "resolved": "5.0.0",
        "contentHash": "MgOwK6tPzB6YNH21wssJcw/2MKwee8b2gI7SllYfn6rvTpIrVvVS5HAjSU2vqSku1fwqRvWP0MdIi14qjd93Aw==",
        "dependencies": {
          "Microsoft.Extensions.DependencyInjection": "5.0.0",
          "Microsoft.Extensions.DependencyInjection.Abstractions": "5.0.0",
          "Microsoft.Extensions.Logging.Abstractions": "5.0.0",
          "Microsoft.Extensions.Options": "5.0.0"
        }
      },
      "Microsoft.Extensions.Logging.Abstractions": {
        "type": "Transitive",
        "resolved": "5.0.0",
        "contentHash": "NxP6ahFcBnnSfwNBi2KH2Oz8Xl5Sm2krjId/jRR3I7teFphwiUoUeZPwTNA21EX+5PtjqmyAvKaOeBXcJjcH/w=="
      },
      "Microsoft.Extensions.Options": {
        "type": "Transitive",
        "resolved": "5.0.0",
        "contentHash": "CBvR92TCJ5uBIdd9/HzDSrxYak+0W/3+yxrNg8Qm6Bmrkh5L+nu6m3WeazQehcZ5q1/6dDA7J5YdQjim0165zg==",
        "dependencies": {
          "Microsoft.Extensions.DependencyInjection.Abstractions": "5.0.0",
          "Microsoft.Extensions.Primitives": "5.0.0"
        }
      },
      "Microsoft.Extensions.Primitives": {
        "type": "Transitive",
        "resolved": "5.0.0",
        "contentHash": "cI/VWn9G1fghXrNDagX9nYaaB/nokkZn0HYAawGaELQrl8InSezfe9OnfPZLcJq3esXxygh3hkq2c3qoV3SDyQ=="
      },
      "Npgsql": {
        "type": "Transitive",
        "resolved": "5.0.2",
        "contentHash": "bqsG+0t6+c7nfpunu08HkjeRZCI2g8EbXNtWUHsnFlDzjx0zsLkvzfByiHuYo9a74CMKR9RmxRu7HiPGCE/EvQ==",
        "dependencies": {
          "System.Runtime.CompilerServices.Unsafe": "4.6.0"
        }
      },
      "Npgsql.EntityFrameworkCore.PostgreSQL": {
        "type": "Transitive",
        "resolved": "5.0.2",
        "contentHash": "xdhI0Y1uMxEUbH00T9kLk5m4JN8b4bAHv8fX+nU3GzdEsIgI0k0tKM4ZJ/RjkvGE1L5h4Y+oBZNNqzgetOTBtg==",
        "dependencies": {
          "Microsoft.EntityFrameworkCore": "5.0.2",
          "Microsoft.EntityFrameworkCore.Abstractions": "5.0.2",
          "Microsoft.EntityFrameworkCore.Relational": "5.0.2",
          "Npgsql": "5.0.2"
        }
      },
      "System.Collections.Immutable": {
        "type": "Transitive",
        "resolved": "5.0.0",
        "contentHash": "FXkLXiK0sVVewcso0imKQoOxjoPAj42R8HtjjbSjVPAzwDfzoyoznWxgA3c38LDbN9SJux1xXoXYAhz98j7r2g=="
      },
      "System.ComponentModel.Annotations": {
        "type": "Transitive",
        "resolved": "5.0.0",
        "contentHash": "dMkqfy2el8A8/I76n2Hi1oBFEbG1SfxD2l5nhwXV3XjlnOmwxJlQbYpJH4W51odnU9sARCSAgv7S3CyAFMkpYg=="
      },
      "System.Diagnostics.DiagnosticSource": {
        "type": "Transitive",
        "resolved": "5.0.1",
        "contentHash": "uXQEYqav2V3zP6OwkOKtLv+qIi6z3m1hsGyKwXX7ZA7htT4shoVccGxnJ9kVRFPNAsi1ArZTq2oh7WOto6GbkQ=="
      },
      "System.Memory": {
        "type": "Transitive",
        "resolved": "4.5.3",
        "contentHash": "3oDzvc/zzetpTKWMShs1AADwZjQ/36HnsufHRPcOjyRAAMLDlu2iD33MBI2opxnezcVUtXyqDXXjoFMOU9c7SA=="
      },
      "System.Runtime.CompilerServices.Unsafe": {
        "type": "Transitive",
        "resolved": "4.6.0",
        "contentHash": "HxozeSlipUK7dAroTYwIcGwKDeOVpQnJlpVaOkBz7CM4TsE5b/tKlQBZecTjh6FzcSbxndYaxxpsBMz+wMJeyw=="
      },
      "skyra.database": {
        "type": "Project",
        "dependencies": {
          "EFCore.NamingConventions": "5.0.2",
          "Microsoft.EntityFrameworkCore": "5.0.4",
          "Npgsql.EntityFrameworkCore.PostgreSQL": "5.0.2"
        }
      }
    }
  }
}